
Microsoft Visual Studio Solution File, Format Version 12.00
# Visual Studio Version 16
VisualStudioVersion = 16.0.30907.101
MinimumVisualStudioVersion = 10.0.40219.1
Project("{FAE04EC0-301F-11D3-BF4B-00C04F79EFBC}") = "NamedParametersHandsOn", "NamedParametersHandsOn\NamedParametersHandsOn.csproj", "{194EE8A1-3604-4179-8A10-1CE511775D4D}"
EndProject
Global
	GlobalSection(SolutionConfigurationPlatforms) = preSolution
		Debug|Any CPU = Debug|Any CPU
		Release|Any CPU = Release|Any CPU
	EndGlobalSection
	GlobalSection(ProjectConfigurationPlatforms) = postSolution
		{194EE8A1-3604-4179-8A10-1CE511775D4D}.Debug|Any CPU.ActiveCfg = Debug|Any CPU
		{194EE8A1-3604-4179-8A10-1CE511775D4D}.Debug|Any CPU.Build.0 = Debug|Any CPU
		{194EE8A1-3604-4179-8A10-1CE511775D4D}.Release|Any CPU.ActiveCfg = Release|Any CPU
		{194EE8A1-3604-4179-8A10-1CE511775D4D}.Release|Any CPU.Build.0 = Release|Any CPU
	EndGlobalSection
	GlobalSection(SolutionProperties) = preSolution
		HideSolutionNode = FALSE
	EndGlobalSection
	GlobalSection(ExtensibilityGlobals) = postSolution
		SolutionGuid = {2D457BD2-22A5-44E3-BE4D-9E70CE841E56}
	EndGlobalSection
EndGlobal
