
Microsoft Visual Studio Solution File, Format Version 12.00
# Visual Studio Version 16
VisualStudioVersion = 16.0.30907.101
MinimumVisualStudioVersion = 10.0.40219.1
Project("{FAE04EC0-301F-11D3-BF4B-00C04F79EFBC}") = "ThreadStartSample", "ThreadStartSample\ThreadStartSample.csproj", "{4D632FE6-93C5-4F22-AE4D-A8F7D3D49950}"
EndProject
Global
	GlobalSection(SolutionConfigurationPlatforms) = preSolution
		Debug|Any CPU = Debug|Any CPU
		Release|Any CPU = Release|Any CPU
	EndGlobalSection
	GlobalSection(ProjectConfigurationPlatforms) = postSolution
		{4D632FE6-93C5-4F22-AE4D-A8F7D3D49950}.Debug|Any CPU.ActiveCfg = Debug|Any CPU
		{4D632FE6-93C5-4F22-AE4D-A8F7D3D49950}.Debug|Any CPU.Build.0 = Debug|Any CPU
		{4D632FE6-93C5-4F22-AE4D-A8F7D3D49950}.Release|Any CPU.ActiveCfg = Release|Any CPU
		{4D632FE6-93C5-4F22-AE4D-A8F7D3D49950}.Release|Any CPU.Build.0 = Release|Any CPU
	EndGlobalSection
	GlobalSection(SolutionProperties) = preSolution
		HideSolutionNode = FALSE
	EndGlobalSection
	GlobalSection(ExtensibilityGlobals) = postSolution
		SolutionGuid = {09257B06-6CB7-46D7-9265-66CD37CD0839}
	EndGlobalSection
EndGlobal
