
Microsoft Visual Studio Solution File, Format Version 12.00
# Visual Studio Version 16
VisualStudioVersion = 16.0.30907.101
MinimumVisualStudioVersion = 10.0.40219.1
Project("{FAE04EC0-301F-11D3-BF4B-00C04F79EFBC}") = "ChainOfResponsibilitiesHandson", "ChainOfResponsibilitiesHandson\ChainOfResponsibilitiesHandson.csproj", "{D5D25D1C-203D-4600-83B4-9222C1596441}"
EndProject
Global
	GlobalSection(SolutionConfigurationPlatforms) = preSolution
		Debug|Any CPU = Debug|Any CPU
		Release|Any CPU = Release|Any CPU
	EndGlobalSection
	GlobalSection(ProjectConfigurationPlatforms) = postSolution
		{D5D25D1C-203D-4600-83B4-9222C1596441}.Debug|Any CPU.ActiveCfg = Debug|Any CPU
		{D5D25D1C-203D-4600-83B4-9222C1596441}.Debug|Any CPU.Build.0 = Debug|Any CPU
		{D5D25D1C-203D-4600-83B4-9222C1596441}.Release|Any CPU.ActiveCfg = Release|Any CPU
		{D5D25D1C-203D-4600-83B4-9222C1596441}.Release|Any CPU.Build.0 = Release|Any CPU
	EndGlobalSection
	GlobalSection(SolutionProperties) = preSolution
		HideSolutionNode = FALSE
	EndGlobalSection
	GlobalSection(ExtensibilityGlobals) = postSolution
		SolutionGuid = {2F96CBDB-DEAF-494C-AAAD-EEC093A89DA0}
	EndGlobalSection
EndGlobal
