
Microsoft Visual Studio Solution File, Format Version 12.00
# Visual Studio Version 16
VisualStudioVersion = 16.0.30907.101
MinimumVisualStudioVersion = 10.0.40219.1
Project("{FAE04EC0-301F-11D3-BF4B-00C04F79EFBC}") = "AspCorePartialView", "AspCorePartialView\AspCorePartialView.csproj", "{F95F5C5F-E5CB-452F-9A90-98DC33880B60}"
EndProject
Global
	GlobalSection(SolutionConfigurationPlatforms) = preSolution
		Debug|Any CPU = Debug|Any CPU
		Release|Any CPU = Release|Any CPU
	EndGlobalSection
	GlobalSection(ProjectConfigurationPlatforms) = postSolution
		{F95F5C5F-E5CB-452F-9A90-98DC33880B60}.Debug|Any CPU.ActiveCfg = Debug|Any CPU
		{F95F5C5F-E5CB-452F-9A90-98DC33880B60}.Debug|Any CPU.Build.0 = Debug|Any CPU
		{F95F5C5F-E5CB-452F-9A90-98DC33880B60}.Release|Any CPU.ActiveCfg = Release|Any CPU
		{F95F5C5F-E5CB-452F-9A90-98DC33880B60}.Release|Any CPU.Build.0 = Release|Any CPU
	EndGlobalSection
	GlobalSection(SolutionProperties) = preSolution
		HideSolutionNode = FALSE
	EndGlobalSection
	GlobalSection(ExtensibilityGlobals) = postSolution
		SolutionGuid = {B2506360-720B-4ADA-8678-003AA92E02A9}
	EndGlobalSection
EndGlobal
