
Microsoft Visual Studio Solution File, Format Version 12.00
# Visual Studio Version 16
VisualStudioVersion = 16.0.30907.101
MinimumVisualStudioVersion = 10.0.40219.1
Project("{FAE04EC0-301F-11D3-BF4B-00C04F79EFBC}") = "ObserverPatternHandson", "ObserverPatternHandson\ObserverPatternHandson.csproj", "{AB8CAA6C-9B6B-4035-BE90-5B8A3C64FBA6}"
EndProject
Global
	GlobalSection(SolutionConfigurationPlatforms) = preSolution
		Debug|Any CPU = Debug|Any CPU
		Release|Any CPU = Release|Any CPU
	EndGlobalSection
	GlobalSection(ProjectConfigurationPlatforms) = postSolution
		{AB8CAA6C-9B6B-4035-BE90-5B8A3C64FBA6}.Debug|Any CPU.ActiveCfg = Debug|Any CPU
		{AB8CAA6C-9B6B-4035-BE90-5B8A3C64FBA6}.Debug|Any CPU.Build.0 = Debug|Any CPU
		{AB8CAA6C-9B6B-4035-BE90-5B8A3C64FBA6}.Release|Any CPU.ActiveCfg = Release|Any CPU
		{AB8CAA6C-9B6B-4035-BE90-5B8A3C64FBA6}.Release|Any CPU.Build.0 = Release|Any CPU
	EndGlobalSection
	GlobalSection(SolutionProperties) = preSolution
		HideSolutionNode = FALSE
	EndGlobalSection
	GlobalSection(ExtensibilityGlobals) = postSolution
		SolutionGuid = {E4E160B1-7F4B-4AD0-AEE9-2886F4721CA9}
	EndGlobalSection
EndGlobal
